// !$*UTF8*$!
{
	archiveVersion = 1;
	classes = {
	};
	objectVersion = 46;
	objects = {

/* Begin PBXBuildFile section */
		74514FE31C86691C00540EEC /* InfoPage.swift in Sources */ = {isa = PBXBuildFile; fileRef = 74514FE21C86691C00540EEC /* InfoPage.swift */; };
		747396811C7F9307009D884C /* DataHolder.swift in Sources */ = {isa = PBXBuildFile; fileRef = 747396801C7F9307009D884C /* DataHolder.swift */; };
		749805091C7CF1780032D56A /* CoreLocation.framework in Frameworks */ = {isa = PBXBuildFile; fileRef = 749805081C7CF1780032D56A /* CoreLocation.framework */; };
		74D4BFB51C765A7B00AAC8EA /* AppDelegate.swift in Sources */ = {isa = PBXBuildFile; fileRef = 74D4BFB41C765A7B00AAC8EA /* AppDelegate.swift */; };
		74D4BFB71C765A7B00AAC8EA /* ViewController.swift in Sources */ = {isa = PBXBuildFile; fileRef = 74D4BFB61C765A7B00AAC8EA /* ViewController.swift */; };
		74D4BFBA1C765A7B00AAC8EA /* Main.storyboard in Resources */ = {isa = PBXBuildFile; fileRef = 74D4BFB81C765A7B00AAC8EA /* Main.storyboard */; };
		74D4BFBC1C765A7B00AAC8EA /* Assets.xcassets in Resources */ = {isa = PBXBuildFile; fileRef = 74D4BFBB1C765A7B00AAC8EA /* Assets.xcassets */; };
		74D4BFBF1C765A7B00AAC8EA /* LaunchScreen.storyboard in Resources */ = {isa = PBXBuildFile; fileRef = 74D4BFBD1C765A7B00AAC8EA /* LaunchScreen.storyboard */; };
		74D4BFCA1C765A7B00AAC8EA /* MapPracticeTests.swift in Sources */ = {isa = PBXBuildFile; fileRef = 74D4BFC91C765A7B00AAC8EA /* MapPracticeTests.swift */; };
		74D4BFD51C765A7B00AAC8EA /* MapPracticeUITests.swift in Sources */ = {isa = PBXBuildFile; fileRef = 74D4BFD41C765A7B00AAC8EA /* MapPracticeUITests.swift */; };
		74D4BFE31C765B1200AAC8EA /* MapKit.framework in Frameworks */ = {isa = PBXBuildFile; fileRef = 74D4BFE21C765B1200AAC8EA /* MapKit.framework */; };
/* End PBXBuildFile section */

/* Begin PBXContainerItemProxy section */
		74D4BFC61C765A7B00AAC8EA /* PBXContainerItemProxy */ = {
			isa = PBXContainerItemProxy;
			containerPortal = 74D4BFA91C765A7B00AAC8EA /* Project object */;
			proxyType = 1;
			remoteGlobalIDString = 74D4BFB01C765A7B00AAC8EA;
			remoteInfo = MapPractice;
		};
		74D4BFD11C765A7B00AAC8EA /* PBXContainerItemProxy */ = {
			isa = PBXContainerItemProxy;
			containerPortal = 74D4BFA91C765A7B00AAC8EA /* Project object */;
			proxyType = 1;
			remoteGlobalIDString = 74D4BFB01C765A7B00AAC8EA;
			remoteInfo = MapPractice;
		};
/* End PBXContainerItemProxy section */

/* Begin PBXFileReference section */
		74514FE21C86691C00540EEC /* InfoPage.swift */ = {isa = PBXFileReference; fileEncoding = 4; lastKnownFileType = sourcecode.swift; path = InfoPage.swift; sourceTree = "<group>"; };
		747396801C7F9307009D884C /* DataHolder.swift */ = {isa = PBXFileReference; fileEncoding = 4; lastKnownFileType = sourcecode.swift; path = DataHolder.swift; sourceTree = "<group>"; };
		749805081C7CF1780032D56A /* CoreLocation.framework */ = {isa = PBXFileReference; lastKnownFileType = wrapper.framework; name = CoreLocation.framework; path = System/Library/Frameworks/CoreLocation.framework; sourceTree = SDKROOT; };
		74D4BFB11C765A7B00AAC8EA /* MapPractice.app */ = {isa = PBXFileReference; explicitFileType = wrapper.application; includeInIndex = 0; path = MapPractice.app; sourceTree = BUILT_PRODUCTS_DIR; };
		74D4BFB41C765A7B00AAC8EA /* AppDelegate.swift */ = {isa = PBXFileReference; lastKnownFileType = sourcecode.swift; path = AppDelegate.swift; sourceTree = "<group>"; };
		74D4BFB61C765A7B00AAC8EA /* ViewController.swift */ = {isa = PBXFileReference; lastKnownFileType = sourcecode.swift; path = ViewController.swift; sourceTree = "<group>"; };
		74D4BFB91C765A7B00AAC8EA /* Base */ = {isa = PBXFileReference; lastKnownFileType = file.storyboard; name = Base; path = Base.lproj/Main.storyboard; sourceTree = "<group>"; };
		74D4BFBB1C765A7B00AAC8EA /* Assets.xcassets */ = {isa = PBXFileReference; lastKnownFileType = folder.assetcatalog; path = Assets.xcassets; sourceTree = "<group>"; };
		74D4BFBE1C765A7B00AAC8EA /* Base */ = {isa = PBXFileReference; lastKnownFileType = file.storyboard; name = Base; path = Base.lproj/LaunchScreen.storyboard; sourceTree = "<group>"; };
		74D4BFC01C765A7B00AAC8EA /* Info.plist */ = {isa = PBXFileReference; lastKnownFileType = text.plist.xml; path = Info.plist; sourceTree = "<group>"; };
		74D4BFC51C765A7B00AAC8EA /* MapPracticeTests.xctest */ = {isa = PBXFileReference; explicitFileType = wrapper.cfbundle; includeInIndex = 0; path = MapPracticeTests.xctest; sourceTree = BUILT_PRODUCTS_DIR; };
		74D4BFC91C765A7B00AAC8EA /* MapPracticeTests.swift */ = {isa = PBXFileReference; lastKnownFileType = sourcecode.swift; path = MapPracticeTests.swift; sourceTree = "<group>"; };
		74D4BFCB1C765A7B00AAC8EA /* Info.plist */ = {isa = PBXFileReference; lastKnownFileType = text.plist.xml; path = Info.plist; sourceTree = "<group>"; };
		74D4BFD01C765A7B00AAC8EA /* MapPracticeUITests.xctest */ = {isa = PBXFileReference; explicitFileType = wrapper.cfbundle; includeInIndex = 0; path = MapPracticeUITests.xctest; sourceTree = BUILT_PRODUCTS_DIR; };
		74D4BFD41C765A7B00AAC8EA /* MapPracticeUITests.swift */ = {isa = PBXFileReference; lastKnownFileType = sourcecode.swift; path = MapPracticeUITests.swift; sourceTree = "<group>"; };
		74D4BFD61C765A7B00AAC8EA /* Info.plist */ = {isa = PBXFileReference; lastKnownFileType = text.plist.xml; path = Info.plist; sourceTree = "<group>"; };
		74D4BFE21C765B1200AAC8EA /* MapKit.framework */ = {isa = PBXFileReference; lastKnownFileType = wrapper.framework; name = MapKit.framework; path = System/Library/Frameworks/MapKit.framework; sourceTree = SDKROOT; };
/* End PBXFileReference section */

/* Begin PBXFrameworksBuildPhase section */
		74D4BFAE1C765A7B00AAC8EA /* Frameworks */ = {
			isa = PBXFrameworksBuildPhase;
			buildActionMask = 2147483647;
			files = (
				749805091C7CF1780032D56A /* CoreLocation.framework in Frameworks */,
				74D4BFE31C765B1200AAC8EA /* MapKit.framework in Frameworks */,
			);
			runOnlyForDeploymentPostprocessing = 0;
		};
		74D4BFC21C765A7B00AAC8EA /* Frameworks */ = {
			isa = PBXFrameworksBuildPhase;
			buildActionMask = 2147483647;
			files = (
			);
			runOnlyForDeploymentPostprocessing = 0;
		};
		74D4BFCD1C765A7B00AAC8EA /* Frameworks */ = {
			isa = PBXFrameworksBuildPhase;
			buildActionMask = 2147483647;
			files = (
			);
			runOnlyForDeploymentPostprocessing = 0;
		};
/* End PBXFrameworksBuildPhase section */

/* Begin PBXGroup section */
		74D4BFA81C765A7B00AAC8EA = {
			isa = PBXGroup;
			children = (
				749805081C7CF1780032D56A /* CoreLocation.framework */,
				74D4BFE21C765B1200AAC8EA /* MapKit.framework */,
				74D4BFB31C765A7B00AAC8EA /* MapPractice */,
				74D4BFC81C765A7B00AAC8EA /* MapPracticeTests */,
				74D4BFD31C765A7B00AAC8EA /* MapPracticeUITests */,
				74D4BFB21C765A7B00AAC8EA /* Products */,
			);
			sourceTree = "<group>";
		};
		74D4BFB21C765A7B00AAC8EA /* Products */ = {
			isa = PBXGroup;
			children = (
				74D4BFB11C765A7B00AAC8EA /* MapPractice.app */,
				74D4BFC51C765A7B00AAC8EA /* MapPracticeTests.xctest */,
				74D4BFD01C765A7B00AAC8EA /* MapPracticeUITests.xctest */,
			);
			name = Products;
			sourceTree = "<group>";
		};
		74D4BFB31C765A7B00AAC8EA /* MapPractice */ = {
			isa = PBXGroup;
			children = (
				74D4BFB41C765A7B00AAC8EA /* AppDelegate.swift */,
				74D4BFB61C765A7B00AAC8EA /* ViewController.swift */,
				74514FE21C86691C00540EEC /* InfoPage.swift */,
				747396801C7F9307009D884C /* DataHolder.swift */,
				74D4BFB81C765A7B00AAC8EA /* Main.storyboard */,
				74D4BFBB1C765A7B00AAC8EA /* Assets.xcassets */,
				74D4BFBD1C765A7B00AAC8EA /* LaunchScreen.storyboard */,
				74D4BFC01C765A7B00AAC8EA /* Info.plist */,
			);
			path = MapPractice;
			sourceTree = "<group>";
		};
		74D4BFC81C765A7B00AAC8EA /* MapPracticeTests */ = {
			isa = PBXGroup;
			children = (
				74D4BFC91C765A7B00AAC8EA /* MapPracticeTests.swift */,
				74D4BFCB1C765A7B00AAC8EA /* Info.plist */,
			);
			path = MapPracticeTests;
			sourceTree = "<group>";
		};
		74D4BFD31C765A7B00AAC8EA /* MapPracticeUITests */ = {
			isa = PBXGroup;
			children = (
				74D4BFD41C765A7B00AAC8EA /* MapPracticeUITests.swift */,
				74D4BFD61C765A7B00AAC8EA /* Info.plist */,
			);
			path = MapPracticeUITests;
			sourceTree = "<group>";
		};
/* End PBXGroup section */

/* Begin PBXNativeTarget section */
		74D4BFB01C765A7B00AAC8EA /* MapPractice */ = {
			isa = PBXNativeTarget;
			buildConfigurationList = 74D4BFD91C765A7B00AAC8EA /* Build configuration list for PBXNativeTarget "MapPractice" */;
			buildPhases = (
				74D4BFAD1C765A7B00AAC8EA /* Sources */,
				74D4BFAE1C765A7B00AAC8EA /* Frameworks */,
				74D4BFAF1C765A7B00AAC8EA /* Resources */,
			);
			buildRules = (
			);
			dependencies = (
			);
			name = MapPractice;
			productName = MapPractice;
			productReference = 74D4BFB11C765A7B00AAC8EA /* MapPractice.app */;
			productType = "com.apple.product-type.application";
		};
		74D4BFC41C765A7B00AAC8EA /* MapPracticeTests */ = {
			isa = PBXNativeTarget;
			buildConfigurationList = 74D4BFDC1C765A7B00AAC8EA /* Build configuration list for PBXNativeTarget "MapPracticeTests" */;
			buildPhases = (
				74D4BFC11C765A7B00AAC8EA /* Sources */,
				74D4BFC21C765A7B00AAC8EA /* Frameworks */,
				74D4BFC31C765A7B00AAC8EA /* Resources */,
			);
			buildRules = (
			);
			dependencies = (
				74D4BFC71C765A7B00AAC8EA /* PBXTargetDependency */,
			);
			name = MapPracticeTests;
			productName = MapPracticeTests;
			productReference = 74D4BFC51C765A7B00AAC8EA /* MapPracticeTests.xctest */;
			productType = "com.apple.product-type.bundle.unit-test";
		};
		74D4BFCF1C765A7B00AAC8EA /* MapPracticeUITests */ = {
			isa = PBXNativeTarget;
			buildConfigurationList = 74D4BFDF1C765A7B00AAC8EA /* Build configuration list for PBXNativeTarget "MapPracticeUITests" */;
			buildPhases = (
				74D4BFCC1C765A7B00AAC8EA /* Sources */,
				74D4BFCD1C765A7B00AAC8EA /* Frameworks */,
				74D4BFCE1C765A7B00AAC8EA /* Resources */,
			);
			buildRules = (
			);
			dependencies = (
				74D4BFD21C765A7B00AAC8EA /* PBXTargetDependency */,
			);
			name = MapPracticeUITests;
			productName = MapPracticeUITests;
			productReference = 74D4BFD01C765A7B00AAC8EA /* MapPracticeUITests.xctest */;
			productType = "com.apple.product-type.bundle.ui-testing";
		};
/* End PBXNativeTarget section */

/* Begin PBXProject section */
		74D4BFA91C765A7B00AAC8EA /* Project object */ = {
			isa = PBXProject;
			attributes = {
				LastSwiftUpdateCheck = 0720;
				LastUpgradeCheck = 0720;
				ORGANIZATIONNAME = "Roshan Thapaliya";
				TargetAttributes = {
					74D4BFB01C765A7B00AAC8EA = {
						CreatedOnToolsVersion = 7.2;
						DevelopmentTeam = XBZX4KV28G;
						SystemCapabilities = {
							com.apple.Maps.iOS = {
								enabled = 1;
							};
						};
					};
					74D4BFC41C765A7B00AAC8EA = {
						CreatedOnToolsVersion = 7.2;
						DevelopmentTeam = XBZX4KV28G;
						TestTargetID = 74D4BFB01C765A7B00AAC8EA;
					};
					74D4BFCF1C765A7B00AAC8EA = {
						CreatedOnToolsVersion = 7.2;
						DevelopmentTeam = XBZX4KV28G;
						TestTargetID = 74D4BFB01C765A7B00AAC8EA;
					};
				};
			};
			buildConfigurationList = 74D4BFAC1C765A7B00AAC8EA /* Build configuration list for PBXProject "MapPractice" */;
			compatibilityVersion = "Xcode 3.2";
			developmentRegion = English;
			hasScannedForEncodings = 0;
			knownRegions = (
				en,
				Base,
			);
			mainGroup = 74D4BFA81C765A7B00AAC8EA;
			productRefGroup = 74D4BFB21C765A7B00AAC8EA /* Products */;
			projectDirPath = "";
			projectRoot = "";
			targets = (
				74D4BFB01C765A7B00AAC8EA /* MapPractice */,
				74D4BFC41C765A7B00AAC8EA /* MapPracticeTests */,
				74D4BFCF1C765A7B00AAC8EA /* MapPracticeUITests */,
			);
		};
/* End PBXProject section */

/* Begin PBXResourcesBuildPhase section */
		74D4BFAF1C765A7B00AAC8EA /* Resources */ = {
			isa = PBXResourcesBuildPhase;
			buildActionMask = 2147483647;
			files = (
				74D4BFBF1C765A7B00AAC8EA /* LaunchScreen.storyboard in Resources */,
				74D4BFBC1C765A7B00AAC8EA /* Assets.xcassets in Resources */,
				74D4BFBA1C765A7B00AAC8EA /* Main.storyboard in Resources */,
			);
			runOnlyForDeploymentPostprocessing = 0;
		};
		74D4BFC31C765A7B00AAC8EA /* Resources */ = {
			isa = PBXResourcesBuildPhase;
			buildActionMask = 2147483647;
			files = (
			);
			runOnlyForDeploymentPostprocessing = 0;
		};
		74D4BFCE1C765A7B00AAC8EA /* Resources */ = {
			isa = PBXResourcesBuildPhase;
			buildActionMask = 2147483647;
			files = (
			);
			runOnlyForDeploymentPostprocessing = 0;
		};
/* End PBXResourcesBuildPhase section */

/* Begin PBXSourcesBuildPhase section */
		74D4BFAD1C765A7B00AAC8EA /* Sources */ = {
			isa = PBXSourcesBuildPhase;
			buildActionMask = 2147483647;
			files = (
				74D4BFB71C765A7B00AAC8EA /* ViewController.swift in Sources */,
				747396811C7F9307009D884C /* DataHolder.swift in Sources */,
				74514FE31C86691C00540EEC /* InfoPage.swift in Sources */,
				74D4BFB51C765A7B00AAC8EA /* AppDelegate.swift in Sources */,
			);
			runOnlyForDeploymentPostprocessing = 0;
		};
		74D4BFC11C765A7B00AAC8EA /* Sources */ = {
			isa = PBXSourcesBuildPhase;
			buildActionMask = 2147483647;
			files = (
				74D4BFCA1C765A7B00AAC8EA /* MapPracticeTests.swift in Sources */,
			);
			runOnlyForDeploymentPostprocessing = 0;
		};
		74D4BFCC1C765A7B00AAC8EA /* Sources */ = {
			isa = PBXSourcesBuildPhase;
			buildActionMask = 2147483647;
			files = (
				74D4BFD51C765A7B00AAC8EA /* MapPracticeUITests.swift in Sources */,
			);
			runOnlyForDeploymentPostprocessing = 0;
		};
/* End PBXSourcesBuildPhase section */

/* Begin PBXTargetDependency section */
		74D4BFC71C765A7B00AAC8EA /* PBXTargetDependency */ = {
			isa = PBXTargetDependency;
			target = 74D4BFB01C765A7B00AAC8EA /* MapPractice */;
			targetProxy = 74D4BFC61C765A7B00AAC8EA /* PBXContainerItemProxy */;
		};
		74D4BFD21C765A7B00AAC8EA /* PBXTargetDependency */ = {
			isa = PBXTargetDependency;
			target = 74D4BFB01C765A7B00AAC8EA /* MapPractice */;
			targetProxy = 74D4BFD11C765A7B00AAC8EA /* PBXContainerItemProxy */;
		};
/* End PBXTargetDependency section */

/* Begin PBXVariantGroup section */
		74D4BFB81C765A7B00AAC8EA /* Main.storyboard */ = {
			isa = PBXVariantGroup;
			children = (
				74D4BFB91C765A7B00AAC8EA /* Base */,
			);
			name = Main.storyboard;
			sourceTree = "<group>";
		};
		74D4BFBD1C765A7B00AAC8EA /* LaunchScreen.storyboard */ = {
			isa = PBXVariantGroup;
			children = (
				74D4BFBE1C765A7B00AAC8EA /* Base */,
			);
			name = LaunchScreen.storyboard;
			sourceTree = "<group>";
		};
/* End PBXVariantGroup section */

/* Begin XCBuildConfiguration section */
		74D4BFD71C765A7B00AAC8EA /* Debug */ = {
			isa = XCBuildConfiguration;
			buildSettings = {
				ALWAYS_SEARCH_USER_PATHS = NO;
				CLANG_CXX_LANGUAGE_STANDARD = "gnu++0x";
				CLANG_CXX_LIBRARY = "libc++";
				CLANG_ENABLE_MODULES = YES;
				CLANG_ENABLE_OBJC_ARC = YES;
				CLANG_WARN_BOOL_CONVERSION = YES;
				CLANG_WARN_CONSTANT_CONVERSION = YES;
				CLANG_WARN_DIRECT_OBJC_ISA_USAGE = YES_ERROR;
				CLANG_WARN_EMPTY_BODY = YES;
				CLANG_WARN_ENUM_CONVERSION = YES;
				CLANG_WARN_INT_CONVERSION = YES;
				CLANG_WARN_OBJC_ROOT_CLASS = YES_ERROR;
				CLANG_WARN_UNREACHABLE_CODE = YES;
				CLANG_WARN__DUPLICATE_METHOD_MATCH = YES;
				"CODE_SIGN_IDENTITY[sdk=iphoneos*]" = "iPhone Developer";
				COPY_PHASE_STRIP = NO;
				DEBUG_INFORMATION_FORMAT = dwarf;
				ENABLE_STRICT_OBJC_MSGSEND = YES;
				ENABLE_TESTABILITY = YES;
				GCC_C_LANGUAGE_STANDARD = gnu99;
				GCC_DYNAMIC_NO_PIC = NO;
				GCC_NO_COMMON_BLOCKS = YES;
				GCC_OPTIMIZATION_LEVEL = 0;
				GCC_PREPROCESSOR_DEFINITIONS = (
					"DEBUG=1",
					"$(inherited)",
				);
				GCC_WARN_64_TO_32_BIT_CONVERSION = YES;
				GCC_WARN_ABOUT_RETURN_TYPE = YES_ERROR;
				GCC_WARN_UNDECLARED_SELECTOR = YES;
				GCC_WARN_UNINITIALIZED_AUTOS = YES_AGGRESSIVE;
				GCC_WARN_UNUSED_FUNCTION = YES;
				GCC_WARN_UNUSED_VARIABLE = YES;
				IPHONEOS_DEPLOYMENT_TARGET = 9.2;
				MTL_ENABLE_DEBUG_INFO = YES;
				ONLY_ACTIVE_ARCH = YES;
				SDKROOT = iphoneos;
				SWIFT_OPTIMIZATION_LEVEL = "-Onone";
			};
			name = Debug;
		};
		74D4BFD81C765A7B00AAC8EA /* Release */ = {
			isa = XCBuildConfiguration;
			buildSettings = {
				ALWAYS_SEARCH_USER_PATHS = NO;
				CLANG_CXX_LANGUAGE_STANDARD = "gnu++0x";
				CLANG_CXX_LIBRARY = "libc++";
				CLANG_ENABLE_MODULES = YES;
				CLANG_ENABLE_OBJC_ARC = YES;
				CLANG_WARN_BOOL_CONVERSION = YES;
				CLANG_WARN_CONSTANT_CONVERSION = YES;
				CLANG_WARN_DIRECT_OBJC_ISA_USAGE = YES_ERROR;
				CLANG_WARN_EMPTY_BODY = YES;
				CLANG_WARN_ENUM_CONVERSION = YES;
				CLANG_WARN_INT_CONVERSION = YES;
				CLANG_WARN_OBJC_ROOT_CLASS = YES_ERROR;
				CLANG_WARN_UNREACHABLE_CODE = YES;
				CLANG_WARN__DUPLICATE_METHOD_MATCH = YES;
				"CODE_SIGN_IDENTITY[sdk=iphoneos*]" = "iPhone Developer";
				COPY_PHASE_STRIP = NO;
				DEBUG_INFORMATION_FORMAT = "dwarf-with-dsym";
				ENABLE_NS_ASSERTIONS = NO;
				ENABLE_STRICT_OBJC_MSGSEND = YES;
				GCC_C_LANGUAGE_STANDARD = gnu99;
				GCC_NO_COMMON_BLOCKS = YES;
				GCC_WARN_64_TO_32_BIT_CONVERSION = YES;
				GCC_WARN_ABOUT_RETURN_TYPE = YES_ERROR;
				GCC_WARN_UNDECLARED_SELECTOR = YES;
				GCC_WARN_UNINITIALIZED_AUTOS = YES_AGGRESSIVE;
				GCC_WARN_UNUSED_FUNCTION = YES;
				GCC_WARN_UNUSED_VARIABLE = YES;
				IPHONEOS_DEPLOYMENT_TARGET = 9.2;
				MTL_ENABLE_DEBUG_INFO = NO;
				SDKROOT = iphoneos;
				VALIDATE_PRODUCT = YES;
			};
			name = Release;
		};
		74D4BFDA1C765A7B00AAC8EA /* Debug */ = {
			isa = XCBuildConfiguration;
			buildSettings = {
				ASSETCATALOG_COMPILER_APPICON_NAME = AppIcon;
				INFOPLIST_FILE = MapPractice/Info.plist;
				LD_RUNPATH_SEARCH_PATHS = "$(inherited) @executable_path/Frameworks";
				PRODUCT_BUNDLE_IDENTIFIER = com.roshanthapaliya.MapPractice;
				PRODUCT_NAME = "$(TARGET_NAME)";
			};
			name = Debug;
		};
		74D4BFDB1C765A7B00AAC8EA /* Release */ = {
			isa = XCBuildConfiguration;
			buildSettings = {
				ASSETCATALOG_COMPILER_APPICON_NAME = AppIcon;
				INFOPLIST_FILE = MapPractice/Info.plist;
				LD_RUNPATH_SEARCH_PATHS = "$(inherited) @executable_path/Frameworks";
				PRODUCT_BUNDLE_IDENTIFIER = com.roshanthapaliya.MapPractice;
				PRODUCT_NAME = "$(TARGET_NAME)";
			};
			name = Release;
		};
		74D4BFDD1C765A7B00AAC8EA /* Debug */ = {
			isa = XCBuildConfiguration;
			buildSettings = {
				BUNDLE_LOADER = "$(TEST_HOST)";
				INFOPLIST_FILE = MapPracticeTests/Info.plist;
				LD_RUNPATH_SEARCH_PATHS = "$(inherited) @executable_path/Frameworks @loader_path/Frameworks";
				PRODUCT_BUNDLE_IDENTIFIER = com.roshanthapaliya.MapPracticeTests;
				PRODUCT_NAME = "$(TARGET_NAME)";
				TEST_HOST = "$(BUILT_PRODUCTS_DIR)/MapPractice.app/MapPractice";
			};
			name = Debug;
		};
		74D4BFDE1C765A7B00AAC8EA /* Release */ = {
			isa = XCBuildConfiguration;
			buildSettings = {
				BUNDLE_LOADER = "$(TEST_HOST)";
				INFOPLIST_FILE = MapPracticeTests/Info.plist;
				LD_RUNPATH_SEARCH_PATHS = "$(inherited) @executable_path/Frameworks @loader_path/Frameworks";
				PRODUCT_BUNDLE_IDENTIFIER = com.roshanthapaliya.MapPracticeTests;
				PRODUCT_NAME = "$(TARGET_NAME)";
				TEST_HOST = "$(BUILT_PRODUCTS_DIR)/MapPractice.app/MapPractice";
			};
			name = Release;
		};
		74D4BFE01C765A7B00AAC8EA /* Debug */ = {
			isa = XCBuildConfiguration;
			buildSettings = {
				INFOPLIST_FILE = MapPracticeUITests/Info.plist;
				LD_RUNPATH_SEARCH_PATHS = "$(inherited) @executable_path/Frameworks @loader_path/Frameworks";
				PRODUCT_BUNDLE_IDENTIFIER = com.roshanthapaliya.MapPracticeUITests;
				PRODUCT_NAME = "$(TARGET_NAME)";
				TEST_TARGET_NAME = MapPractice;
				USES_XCTRUNNER = YES;
			};
			name = Debug;
		};
		74D4BFE11C765A7B00AAC8EA /* Release */ = {
			isa = XCBuildConfiguration;
			buildSettings = {
				INFOPLIST_FILE = MapPracticeUITests/Info.plist;
				LD_RUNPATH_SEARCH_PATHS = "$(inherited) @executable_path/Frameworks @loader_path/Frameworks";
				PRODUCT_BUNDLE_IDENTIFIER = com.roshanthapaliya.MapPracticeUITests;
				PRODUCT_NAME = "$(TARGET_NAME)";
				TEST_TARGET_NAME = MapPractice;
				USES_XCTRUNNER = YES;
			};
			name = Release;
		};
/* End XCBuildConfiguration section */

/* Begin XCConfigurationList section */
		74D4BFAC1C765A7B00AAC8EA /* Build configuration list for PBXProject "MapPractice" */ = {
			isa = XCConfigurationList;
			buildConfigurations = (
				74D4BFD71C765A7B00AAC8EA /* Debug */,
				74D4BFD81C765A7B00AAC8EA /* Release */,
			);
			defaultConfigurationIsVisible = 0;
			defaultConfigurationName = Release;
		};
		74D4BFD91C765A7B00AAC8EA /* Build configuration list for PBXNativeTarget "MapPractice" */ = {
			isa = XCConfigurationList;
			buildConfigurations = (
				74D4BFDA1C765A7B00AAC8EA /* Debug */,
				74D4BFDB1C765A7B00AAC8EA /* Release */,
			);
			defaultConfigurationIsVisible = 0;
			defaultConfigurationName = Release;
		};
		74D4BFDC1C765A7B00AAC8EA /* Build configuration list for PBXNativeTarget "MapPracticeTests" */ = {
			isa = XCConfigurationList;
			buildConfigurations = (
				74D4BFDD1C765A7B00AAC8EA /* Debug */,
				74D4BFDE1C765A7B00AAC8EA /* Release */,
			);
			defaultConfigurationIsVisible = 0;
			defaultConfigurationName = Release;
		};
		74D4BFDF1C765A7B00AAC8EA /* Build configuration list for PBXNativeTarget "MapPracticeUITests" */ = {
			isa = XCConfigurationList;
			buildConfigurations = (
				74D4BFE01C765A7B00AAC8EA /* Debug */,
				74D4BFE11C765A7B00AAC8EA /* Release */,
			);
			defaultConfigurationIsVisible = 0;
			defaultConfigurationName = Release;
		};
/* End XCConfigurationList section */
	};
	rootObject = 74D4BFA91C765A7B00AAC8EA /* Project object */;
}
